
Microsoft Visual Studio Solution File, Format Version 12.00
# Visual Studio Version 16
VisualStudioVersion = 16.0.29519.87
MinimumVisualStudioVersion = 10.0.40219.1
Project("{FAE04EC0-301F-11D3-BF4B-00C04F79EFBC}") = "sharpdj11", "sharpdj11.csproj", "{A50E66A7-0386-465D-AF87-19FC8DF91C3B}"
EndProject
Global
	GlobalSection(SolutionConfigurationPlatforms) = preSolution
		Debug|Any CPU = Debug|Any CPU
		Release|Any CPU = Release|Any CPU
	EndGlobalSection
	GlobalSection(ProjectConfigurationPlatforms) = postSolution
		{A50E66A7-0386-465D-AF87-19FC8DF91C3B}.Debug|Any CPU.ActiveCfg = Debug|Any CPU
		{A50E66A7-0386-465D-AF87-19FC8DF91C3B}.Debug|Any CPU.Build.0 = Debug|Any CPU
		{A50E66A7-0386-465D-AF87-19FC8DF91C3B}.Release|Any CPU.ActiveCfg = Release|Any CPU
		{A50E66A7-0386-465D-AF87-19FC8DF91C3B}.Release|Any CPU.Build.0 = Release|Any CPU
	EndGlobalSection
	GlobalSection(SolutionProperties) = preSolution
		HideSolutionNode = FALSE
	EndGlobalSection
	GlobalSection(ExtensibilityGlobals) = postSolution
		SolutionGuid = {BC64920C-DD0C-4665-8DC5-C7C53B126C7F}
	EndGlobalSection
EndGlobal
